{
  "version": 4,
  "terraform_version": "1.15.8",
  "serial": 3,
  "lineage": "bdcfe2dc-bcfd-f5f4-7c22-cd71a80ed760",
  "outputs": {},
  "resources": [
    {
      "mode": "managed",
      "type": "local_file",
      "name": "hello",
      "provider": "provider[\"registry.terraform.io/hashicorp/local\"]",
      "instances": [
        {
          "schema_version": 0,
          "attributes": {
            "content": "hello, i am jagdish tirumala\n",
            "content_base64": null,
            "content_base64sha256": "WHc5O9zfozRs7kO+NAibKC+iFT79nyH5n3+qczaCjiA=",
            "content_base64sha512": "VAnBEJ4xkC3edcehoHNAuLWanNNlmLRCii18zgklLtNlHNdOdqe8MQKS9mdNnWRo7gAmYaOy89VtleLVVvQavw==",
            "content_md5": "2832c12573293e1b16092e8af4a3a3f8",
            "content_sha1": "c5e14e5cba1264e1de145ffd9090809eb876f729",
            "content_sha256": "5877393bdcdfa3346cee43be34089b282fa2153efd9f21f99f7faa7336828e20",
            "content_sha512": "5409c1109e31902dde75c7a1a07340b8b59a9cd36598b4428a2d7cce09252ed3651cd74e76a7bc310292f6674d9d6468ee002661a3b2f3d56d95e2d556f41abf",
            "directory_permission": "0777",
            "file_permission": "0777",
            "filename": "/home/jagdish/terraform_learn/example_1/sample.txt",
            "id": "c5e14e5cba1264e1de145ffd9090809eb876f729",
            "sensitive_content": null,
            "source": null
          },
          "sensitive_attributes": [
            [
              {
                "type": "get_attr",
                "value": "sensitive_content"
              }
            ]
          ],
          "identity_schema_version": 0
        }
      ]
    }
  ],
  "check_results": null
}
